
Microsoft Visual Studio Solution File, Format Version 12.00
# Visual Studio Version 17
VisualStudioVersion = 17.3.32901.215
MinimumVisualStudioVersion = 10.0.40219.1
Project("{FAE04EC0-301F-11D3-BF4B-00C04F79EFBC}") = "RegLogWeb", "RegLogWebApp\RegLogWeb.csproj", "{35B276B4-354F-4F78-9D88-5404B11B2788}"
EndProject
Global
	GlobalSection(SolutionConfigurationPlatforms) = preSolution
		Debug|Any CPU = Debug|Any CPU
		Release|Any CPU = Release|Any CPU
	EndGlobalSection
	GlobalSection(ProjectConfigurationPlatforms) = postSolution
		{35B276B4-354F-4F78-9D88-5404B11B2788}.Debug|Any CPU.ActiveCfg = Debug|Any CPU
		{35B276B4-354F-4F78-9D88-5404B11B2788}.Debug|Any CPU.Build.0 = Debug|Any CPU
		{35B276B4-354F-4F78-9D88-5404B11B2788}.Release|Any CPU.ActiveCfg = Release|Any CPU
		{35B276B4-354F-4F78-9D88-5404B11B2788}.Release|Any CPU.Build.0 = Release|Any CPU
	EndGlobalSection
	GlobalSection(SolutionProperties) = preSolution
		HideSolutionNode = FALSE
	EndGlobalSection
	GlobalSection(ExtensibilityGlobals) = postSolution
		SolutionGuid = {B3552299-F9C4-4BAD-B5E5-EF5CDC175EAF}
	EndGlobalSection
EndGlobal
